// !$*UTF8*$!
{
	archiveVersion = 1;
	classes = {
	};
	objectVersion = 56;
	objects = {

/* Begin PBXBuildFile section */
		840103EC2BD1E7C500B467D1 /* CategoryRow.swift in Sources */ = {isa = PBXBuildFile; fileRef = 840103EB2BD1E7C500B467D1 /* CategoryRow.swift */; };
		840103EE2BD2B15000B467D1 /* ShortcutFilterTests.swift in Sources */ = {isa = PBXBuildFile; fileRef = 840103ED2BD2B15000B467D1 /* ShortcutFilterTests.swift */; };
		840103F02BD2BB0200B467D1 /* SeedData_UnitTests.json in Resources */ = {isa = PBXBuildFile; fileRef = 840103EF2BD2BB0100B467D1 /* SeedData_UnitTests.json */; };
		840526CA2BE2C8320047222A /* StatusManagerTestsAI.swift in Sources */ = {isa = PBXBuildFile; fileRef = 840526C92BE2C8320047222A /* StatusManagerTestsAI.swift */; };
		840AF0602BC5D937006F5366 /* PDFGenerator.swift in Sources */ = {isa = PBXBuildFile; fileRef = 840AF05F2BC5D936006F5366 /* PDFGenerator.swift */; };
		840AF0622BC704F2006F5366 /* PDFPreviewView.swift in Sources */ = {isa = PBXBuildFile; fileRef = 840AF0612BC704F2006F5366 /* PDFPreviewView.swift */; };
		84208C472BDAB21300E63536 /* PrivacyInfo.xcprivacy in Resources */ = {isa = PBXBuildFile; fileRef = 84208C462BDAB21300E63536 /* PrivacyInfo.xcprivacy */; };
		844753202BD45B150073D85A /* MockUserDefaults.swift in Sources */ = {isa = PBXBuildFile; fileRef = 8447531F2BD45B150073D85A /* MockUserDefaults.swift */; };
		844753242BD5C5A60073D85A /* PDFViewModel.swift in Sources */ = {isa = PBXBuildFile; fileRef = 844753232BD5C5A60073D85A /* PDFViewModel.swift */; };
		844753262BD5D0F10073D85A /* GoogleService-Info.plist in Resources */ = {isa = PBXBuildFile; fileRef = 844753252BD5D0F00073D85A /* GoogleService-Info.plist */; };
		844753292BD5D2500073D85A /* FirebaseAnalytics in Frameworks */ = {isa = PBXBuildFile; productRef = 844753282BD5D2500073D85A /* FirebaseAnalytics */; };
		8447532B2BD5D2500073D85A /* FirebaseAnalyticsSwift in Frameworks */ = {isa = PBXBuildFile; productRef = 8447532A2BD5D2500073D85A /* FirebaseAnalyticsSwift */; };
		8447532D2BD5D2500073D85A /* FirebaseCrashlytics in Frameworks */ = {isa = PBXBuildFile; productRef = 8447532C2BD5D2500073D85A /* FirebaseCrashlytics */; };
		8447532F2BD5DDA30073D85A /* HelpView.swift in Sources */ = {isa = PBXBuildFile; fileRef = 8447532E2BD5DDA30073D85A /* HelpView.swift */; };
		846030BC2BD871D300B5BC3D /* SplashScreen.swift in Sources */ = {isa = PBXBuildFile; fileRef = 846030BB2BD871D300B5BC3D /* SplashScreen.swift */; };
		846370F32BBAF8C0001ED9C3 /* MyXcodeShortcutsApp.swift in Sources */ = {isa = PBXBuildFile; fileRef = 846370F22BBAF8C0001ED9C3 /* MyXcodeShortcutsApp.swift */; };
		846370F52BBAF8C0001ED9C3 /* ContentView.swift in Sources */ = {isa = PBXBuildFile; fileRef = 846370F42BBAF8C0001ED9C3 /* ContentView.swift */; };
		846370F92BBAF8C2001ED9C3 /* Assets.xcassets in Resources */ = {isa = PBXBuildFile; fileRef = 846370F82BBAF8C2001ED9C3 /* Assets.xcassets */; };
		846370FC2BBAF8C2001ED9C3 /* Preview Assets.xcassets in Resources */ = {isa = PBXBuildFile; fileRef = 846370FB2BBAF8C2001ED9C3 /* Preview Assets.xcassets */; };
		846371062BBAF8C3001ED9C3 /* MyXcodeShortcutsTests.swift in Sources */ = {isa = PBXBuildFile; fileRef = 846371052BBAF8C3001ED9C3 /* MyXcodeShortcutsTests.swift */; };
		846371102BBAF8C3001ED9C3 /* MyXcodeShortcutsUITests.swift in Sources */ = {isa = PBXBuildFile; fileRef = 8463710F2BBAF8C3001ED9C3 /* MyXcodeShortcutsUITests.swift */; };
		846371122BBAF8C3001ED9C3 /* MyXcodeShortcutsUITestsLaunchTests.swift in Sources */ = {isa = PBXBuildFile; fileRef = 846371112BBAF8C3001ED9C3 /* MyXcodeShortcutsUITestsLaunchTests.swift */; };
		846371222BBB02FA001ED9C3 /* Category.swift in Sources */ = {isa = PBXBuildFile; fileRef = 846371212BBB02FA001ED9C3 /* Category.swift */; };
		846371242BBB0315001ED9C3 /* Shortcut.swift in Sources */ = {isa = PBXBuildFile; fileRef = 846371232BBB0315001ED9C3 /* Shortcut.swift */; };
		846371262BBB0355001ED9C3 /* Status.swift in Sources */ = {isa = PBXBuildFile; fileRef = 846371252BBB0355001ED9C3 /* Status.swift */; };
		846371282BBB04C7001ED9C3 /* RoundedRectButtonStyle.swift in Sources */ = {isa = PBXBuildFile; fileRef = 846371272BBB04C6001ED9C3 /* RoundedRectButtonStyle.swift */; };
		8463712B2BBB064E001ED9C3 /* PreviewHelper.swift in Sources */ = {isa = PBXBuildFile; fileRef = 8463712A2BBB064E001ED9C3 /* PreviewHelper.swift */; };
		8463712D2BBB1AD3001ED9C3 /* CategoryView.swift in Sources */ = {isa = PBXBuildFile; fileRef = 8463712C2BBB1AD3001ED9C3 /* CategoryView.swift */; };
		8463712F2BBB1B63001ED9C3 /* Extensions.swift in Sources */ = {isa = PBXBuildFile; fileRef = 8463712E2BBB1B63001ED9C3 /* Extensions.swift */; };
		846371312BBB1B7D001ED9C3 /* Constants.swift in Sources */ = {isa = PBXBuildFile; fileRef = 846371302BBB1B7D001ED9C3 /* Constants.swift */; };
		846371332BBB1BB1001ED9C3 /* ShortcutView.swift in Sources */ = {isa = PBXBuildFile; fileRef = 846371322BBB1BB1001ED9C3 /* ShortcutView.swift */; };
		846371352BBB1BE7001ED9C3 /* Checkbox.swift in Sources */ = {isa = PBXBuildFile; fileRef = 846371342BBB1BE7001ED9C3 /* Checkbox.swift */; };
		846371392BBB3246001ED9C3 /* SettingsView.swift in Sources */ = {isa = PBXBuildFile; fileRef = 846371382BBB3245001ED9C3 /* SettingsView.swift */; };
		8463713E2BBB4AD9001ED9C3 /* CategoryListView.swift in Sources */ = {isa = PBXBuildFile; fileRef = 8463713D2BBB4AD9001ED9C3 /* CategoryListView.swift */; };
		846371402BBB56FD001ED9C3 /* EditShortcutView.swift in Sources */ = {isa = PBXBuildFile; fileRef = 8463713F2BBB56FD001ED9C3 /* EditShortcutView.swift */; };
		846DB1712BE18F1700229587 /* TDDShortcutSymbolConversionTests.swift in Sources */ = {isa = PBXBuildFile; fileRef = 846DB1702BE18F1700229587 /* TDDShortcutSymbolConversionTests.swift */; };
		84765B112BC33DBD001C87E0 /* PDFGeneratorTests.swift in Sources */ = {isa = PBXBuildFile; fileRef = 84765B102BC33DBD001C87E0 /* PDFGeneratorTests.swift */; };
		84765B132BC34250001C87E0 /* Enum+StringRepresentable.swift in Sources */ = {isa = PBXBuildFile; fileRef = 84765B122BC34250001C87E0 /* Enum+StringRepresentable.swift */; };
		847E30F82BC0419200762FDF /* EditCategoryView.swift in Sources */ = {isa = PBXBuildFile; fileRef = 847E30F72BC0419200762FDF /* EditCategoryView.swift */; };
		84A3D1E22BD344ED00FF60BF /* StatusManager.swift in Sources */ = {isa = PBXBuildFile; fileRef = 84A3D1E12BD344ED00FF60BF /* StatusManager.swift */; };
		84B30A272BD01F3A0047AB24 /* KeyData.swift in Sources */ = {isa = PBXBuildFile; fileRef = 84B30A262BD01F3A0047AB24 /* KeyData.swift */; };
		84CA9AE42BCDBE010027A1FA /* CategorySelectionView.swift in Sources */ = {isa = PBXBuildFile; fileRef = 84CA9AE32BCDBE010027A1FA /* CategorySelectionView.swift */; };
		84D51D382BBDCDB500E6169B /* SeedData.json in Resources */ = {isa = PBXBuildFile; fileRef = 84D51D372BBDCDB500E6169B /* SeedData.json */; };
		84D51D3A2BBDD0F600E6169B /* Categories.swift in Sources */ = {isa = PBXBuildFile; fileRef = 84D51D392BBDD0F600E6169B /* Categories.swift */; };
		84D51D3C2BBDF0DB00E6169B /* SeedData.swift in Sources */ = {isa = PBXBuildFile; fileRef = 84D51D3B2BBDF0DB00E6169B /* SeedData.swift */; };
		84ED14E82BC9E7DA00375EED /* SeedData_Release_1.json in Resources */ = {isa = PBXBuildFile; fileRef = 84ED14E72BC9E7D900375EED /* SeedData_Release_1.json */; };
		84F4E5DC2BDAD64A0079C013 /* PDFGeneratorTestsAI.swift in Sources */ = {isa = PBXBuildFile; fileRef = 84F4E5DB2BDAD64A0079C013 /* PDFGeneratorTestsAI.swift */; };
		84F4E5DE2BDAD7DB0079C013 /* MockStatusManager.swift in Sources */ = {isa = PBXBuildFile; fileRef = 84F4E5DD2BDAD7DB0079C013 /* MockStatusManager.swift */; };
		84F70D1B2BD2E05B006617E7 /* KeyboardSymbols.swift in Sources */ = {isa = PBXBuildFile; fileRef = 84F70D1A2BD2E05B006617E7 /* KeyboardSymbols.swift */; };
		84F70D1D2BD2E8B0006617E7 /* KeyboardToolbarTests.swift in Sources */ = {isa = PBXBuildFile; fileRef = 84F70D1C2BD2E8B0006617E7 /* KeyboardToolbarTests.swift */; };
		84FFAC062BC8903500CBC569 /* ShortcutViewTests.swift in Sources */ = {isa = PBXBuildFile; fileRef = 84FFAC052BC8903500CBC569 /* ShortcutViewTests.swift */; };
/* End PBXBuildFile section */

/* Begin PBXContainerItemProxy section */
		846371022BBAF8C3001ED9C3 /* PBXContainerItemProxy */ = {
			isa = PBXContainerItemProxy;
			containerPortal = 846370E72BBAF8C0001ED9C3 /* Project object */;
			proxyType = 1;
			remoteGlobalIDString = 846370EE2BBAF8C0001ED9C3;
			remoteInfo = MyXcodeShortcuts;
		};
		8463710C2BBAF8C3001ED9C3 /* PBXContainerItemProxy */ = {
			isa = PBXContainerItemProxy;
			containerPortal = 846370E72BBAF8C0001ED9C3 /* Project object */;
			proxyType = 1;
			remoteGlobalIDString = 846370EE2BBAF8C0001ED9C3;
			remoteInfo = MyXcodeShortcuts;
		};
/* End PBXContainerItemProxy section */

/* Begin PBXFileReference section */
		840103EB2BD1E7C500B467D1 /* CategoryRow.swift */ = {isa = PBXFileReference; lastKnownFileType = sourcecode.swift; path = CategoryRow.swift; sourceTree = "<group>"; };
		840103ED2BD2B15000B467D1 /* ShortcutFilterTests.swift */ = {isa = PBXFileReference; lastKnownFileType = sourcecode.swift; path = ShortcutFilterTests.swift; sourceTree = "<group>"; };
		840103EF2BD2BB0100B467D1 /* SeedData_UnitTests.json */ = {isa = PBXFileReference; fileEncoding = 4; lastKnownFileType = text.json; path = SeedData_UnitTests.json; sourceTree = "<group>"; };
		840526C92BE2C8320047222A /* StatusManagerTestsAI.swift */ = {isa = PBXFileReference; lastKnownFileType = sourcecode.swift; path = StatusManagerTestsAI.swift; sourceTree = "<group>"; };
		840AF05F2BC5D936006F5366 /* PDFGenerator.swift */ = {isa = PBXFileReference; fileEncoding = 4; lastKnownFileType = sourcecode.swift; path = PDFGenerator.swift; sourceTree = "<group>"; };
		840AF0612BC704F2006F5366 /* PDFPreviewView.swift */ = {isa = PBXFileReference; lastKnownFileType = sourcecode.swift; path = PDFPreviewView.swift; sourceTree = "<group>"; };
		84208C462BDAB21300E63536 /* PrivacyInfo.xcprivacy */ = {isa = PBXFileReference; lastKnownFileType = text.xml; path = PrivacyInfo.xcprivacy; sourceTree = "<group>"; };
		8447531F2BD45B150073D85A /* MockUserDefaults.swift */ = {isa = PBXFileReference; lastKnownFileType = sourcecode.swift; path = MockUserDefaults.swift; sourceTree = "<group>"; };
		844753232BD5C5A60073D85A /* PDFViewModel.swift */ = {isa = PBXFileReference; lastKnownFileType = sourcecode.swift; path = PDFViewModel.swift; sourceTree = "<group>"; };
		844753252BD5D0F00073D85A /* GoogleService-Info.plist */ = {isa = PBXFileReference; fileEncoding = 4; lastKnownFileType = text.plist.xml; path = "GoogleService-Info.plist"; sourceTree = "<group>"; };
		8447532E2BD5DDA30073D85A /* HelpView.swift */ = {isa = PBXFileReference; lastKnownFileType = sourcecode.swift; path = HelpView.swift; sourceTree = "<group>"; };
		846030BB2BD871D300B5BC3D /* SplashScreen.swift */ = {isa = PBXFileReference; lastKnownFileType = sourcecode.swift; path = SplashScreen.swift; sourceTree = "<group>"; };
		846030BF2BD9389000B5BC3D /* Info.plist */ = {isa = PBXFileReference; lastKnownFileType = text.plist; path = Info.plist; sourceTree = "<group>"; };
		846370EF2BBAF8C0001ED9C3 /* MyXcodeShortcuts.app */ = {isa = PBXFileReference; explicitFileType = wrapper.application; includeInIndex = 0; path = MyXcodeShortcuts.app; sourceTree = BUILT_PRODUCTS_DIR; };
		846370F22BBAF8C0001ED9C3 /* MyXcodeShortcutsApp.swift */ = {isa = PBXFileReference; lastKnownFileType = sourcecode.swift; path = MyXcodeShortcutsApp.swift; sourceTree = "<group>"; };
		846370F42BBAF8C0001ED9C3 /* ContentView.swift */ = {isa = PBXFileReference; lastKnownFileType = sourcecode.swift; path = ContentView.swift; sourceTree = "<group>"; };
		846370F82BBAF8C2001ED9C3 /* Assets.xcassets */ = {isa = PBXFileReference; lastKnownFileType = folder.assetcatalog; path = Assets.xcassets; sourceTree = "<group>"; };
		846370FB2BBAF8C2001ED9C3 /* Preview Assets.xcassets */ = {isa = PBXFileReference; lastKnownFileType = folder.assetcatalog; path = "Preview Assets.xcassets"; sourceTree = "<group>"; };
		846371012BBAF8C3001ED9C3 /* MyXcodeShortcutsTests.xctest */ = {isa = PBXFileReference; explicitFileType = wrapper.cfbundle; includeInIndex = 0; path = MyXcodeShortcutsTests.xctest; sourceTree = BUILT_PRODUCTS_DIR; };
		846371052BBAF8C3001ED9C3 /* MyXcodeShortcutsTests.swift */ = {isa = PBXFileReference; lastKnownFileType = sourcecode.swift; path = MyXcodeShortcutsTests.swift; sourceTree = "<group>"; };
		8463710B2BBAF8C3001ED9C3 /* MyXcodeShortcutsUITests.xctest */ = {isa = PBXFileReference; explicitFileType = wrapper.cfbundle; includeInIndex = 0; path = MyXcodeShortcutsUITests.xctest; sourceTree = BUILT_PRODUCTS_DIR; };
		8463710F2BBAF8C3001ED9C3 /* MyXcodeShortcutsUITests.swift */ = {isa = PBXFileReference; lastKnownFileType = sourcecode.swift; path = MyXcodeShortcutsUITests.swift; sourceTree = "<group>"; };
		846371112BBAF8C3001ED9C3 /* MyXcodeShortcutsUITestsLaunchTests.swift */ = {isa = PBXFileReference; lastKnownFileType = sourcecode.swift; path = MyXcodeShortcutsUITestsLaunchTests.swift; sourceTree = "<group>"; };
		846371212BBB02FA001ED9C3 /* Category.swift */ = {isa = PBXFileReference; lastKnownFileType = sourcecode.swift; path = Category.swift; sourceTree = "<group>"; };
		846371232BBB0315001ED9C3 /* Shortcut.swift */ = {isa = PBXFileReference; lastKnownFileType = sourcecode.swift; path = Shortcut.swift; sourceTree = "<group>"; };
		846371252BBB0355001ED9C3 /* Status.swift */ = {isa = PBXFileReference; lastKnownFileType = sourcecode.swift; path = Status.swift; sourceTree = "<group>"; };
		846371272BBB04C6001ED9C3 /* RoundedRectButtonStyle.swift */ = {isa = PBXFileReference; fileEncoding = 4; lastKnownFileType = sourcecode.swift; path = RoundedRectButtonStyle.swift; sourceTree = "<group>"; };
		8463712A2BBB064E001ED9C3 /* PreviewHelper.swift */ = {isa = PBXFileReference; lastKnownFileType = sourcecode.swift; path = PreviewHelper.swift; sourceTree = "<group>"; };
		8463712C2BBB1AD3001ED9C3 /* CategoryView.swift */ = {isa = PBXFileReference; lastKnownFileType = sourcecode.swift; path = CategoryView.swift; sourceTree = "<group>"; };
		8463712E2BBB1B63001ED9C3 /* Extensions.swift */ = {isa = PBXFileReference; lastKnownFileType = sourcecode.swift; path = Extensions.swift; sourceTree = "<group>"; };
		846371302BBB1B7D001ED9C3 /* Constants.swift */ = {isa = PBXFileReference; lastKnownFileType = sourcecode.swift; path = Constants.swift; sourceTree = "<group>"; };
		846371322BBB1BB1001ED9C3 /* ShortcutView.swift */ = {isa = PBXFileReference; lastKnownFileType = sourcecode.swift; path = ShortcutView.swift; sourceTree = "<group>"; };
		846371342BBB1BE7001ED9C3 /* Checkbox.swift */ = {isa = PBXFileReference; lastKnownFileType = sourcecode.swift; path = Checkbox.swift; sourceTree = "<group>"; };
		846371382BBB3245001ED9C3 /* SettingsView.swift */ = {isa = PBXFileReference; lastKnownFileType = sourcecode.swift; path = SettingsView.swift; sourceTree = "<group>"; };
		8463713D2BBB4AD9001ED9C3 /* CategoryListView.swift */ = {isa = PBXFileReference; lastKnownFileType = sourcecode.swift; path = CategoryListView.swift; sourceTree = "<group>"; };
		8463713F2BBB56FD001ED9C3 /* EditShortcutView.swift */ = {isa = PBXFileReference; lastKnownFileType = sourcecode.swift; path = EditShortcutView.swift; sourceTree = "<group>"; };
		846DB1702BE18F1700229587 /* TDDShortcutSymbolConversionTests.swift */ = {isa = PBXFileReference; lastKnownFileType = sourcecode.swift; path = TDDShortcutSymbolConversionTests.swift; sourceTree = "<group>"; };
		84765B102BC33DBD001C87E0 /* PDFGeneratorTests.swift */ = {isa = PBXFileReference; lastKnownFileType = sourcecode.swift; path = PDFGeneratorTests.swift; sourceTree = "<group>"; };
		84765B122BC34250001C87E0 /* Enum+StringRepresentable.swift */ = {isa = PBXFileReference; lastKnownFileType = sourcecode.swift; path = "Enum+StringRepresentable.swift"; sourceTree = "<group>"; };
		847E30F72BC0419200762FDF /* EditCategoryView.swift */ = {isa = PBXFileReference; lastKnownFileType = sourcecode.swift; path = EditCategoryView.swift; sourceTree = "<group>"; };
		84A3D1E12BD344ED00FF60BF /* StatusManager.swift */ = {isa = PBXFileReference; lastKnownFileType = sourcecode.swift; path = StatusManager.swift; sourceTree = "<group>"; };
		84B30A262BD01F3A0047AB24 /* KeyData.swift */ = {isa = PBXFileReference; lastKnownFileType = sourcecode.swift; path = KeyData.swift; sourceTree = "<group>"; };
		84CA9AE32BCDBE010027A1FA /* CategorySelectionView.swift */ = {isa = PBXFileReference; lastKnownFileType = sourcecode.swift; path = CategorySelectionView.swift; sourceTree = "<group>"; };
		84D51D372BBDCDB500E6169B /* SeedData.json */ = {isa = PBXFileReference; lastKnownFileType = text.json; path = SeedData.json; sourceTree = "<group>"; };
		84D51D392BBDD0F600E6169B /* Categories.swift */ = {isa = PBXFileReference; lastKnownFileType = sourcecode.swift; path = Categories.swift; sourceTree = "<group>"; };
		84D51D3B2BBDF0DB00E6169B /* SeedData.swift */ = {isa = PBXFileReference; lastKnownFileType = sourcecode.swift; path = SeedData.swift; sourceTree = "<group>"; };
		84E55E772BD704AF00B6EDCD /* Config.xcconfig */ = {isa = PBXFileReference; lastKnownFileType = text.xcconfig; name = Config.xcconfig; path = MyXcodeShortcuts/Config.xcconfig; sourceTree = "<group>"; };
		84ED14E72BC9E7D900375EED /* SeedData_Release_1.json */ = {isa = PBXFileReference; fileEncoding = 4; lastKnownFileType = text.json; path = SeedData_Release_1.json; sourceTree = "<group>"; };
		84F4E5DB2BDAD64A0079C013 /* PDFGeneratorTestsAI.swift */ = {isa = PBXFileReference; lastKnownFileType = sourcecode.swift; path = PDFGeneratorTestsAI.swift; sourceTree = "<group>"; };
		84F4E5DD2BDAD7DB0079C013 /* MockStatusManager.swift */ = {isa = PBXFileReference; lastKnownFileType = sourcecode.swift; path = MockStatusManager.swift; sourceTree = "<group>"; };
		84F70D1A2BD2E05B006617E7 /* KeyboardSymbols.swift */ = {isa = PBXFileReference; lastKnownFileType = sourcecode.swift; path = KeyboardSymbols.swift; sourceTree = "<group>"; };
		84F70D1C2BD2E8B0006617E7 /* KeyboardToolbarTests.swift */ = {isa = PBXFileReference; lastKnownFileType = sourcecode.swift; path = KeyboardToolbarTests.swift; sourceTree = "<group>"; };
		84FFAC052BC8903500CBC569 /* ShortcutViewTests.swift */ = {isa = PBXFileReference; lastKnownFileType = sourcecode.swift; path = ShortcutViewTests.swift; sourceTree = "<group>"; };
/* End PBXFileReference section */

/* Begin PBXFrameworksBuildPhase section */
		846370EC2BBAF8C0001ED9C3 /* Frameworks */ = {
			isa = PBXFrameworksBuildPhase;
			buildActionMask = 2147483647;
			files = (
				8447532D2BD5D2500073D85A /* FirebaseCrashlytics in Frameworks */,
				8447532B2BD5D2500073D85A /* FirebaseAnalyticsSwift in Frameworks */,
				844753292BD5D2500073D85A /* FirebaseAnalytics in Frameworks */,
			);
			runOnlyForDeploymentPostprocessing = 0;
		};
		846370FE2BBAF8C3001ED9C3 /* Frameworks */ = {
			isa = PBXFrameworksBuildPhase;
			buildActionMask = 2147483647;
			files = (
			);
			runOnlyForDeploymentPostprocessing = 0;
		};
		846371082BBAF8C3001ED9C3 /* Frameworks */ = {
			isa = PBXFrameworksBuildPhase;
			buildActionMask = 2147483647;
			files = (
			);
			runOnlyForDeploymentPostprocessing = 0;
		};
/* End PBXFrameworksBuildPhase section */

/* Begin PBXGroup section */
		846370E62BBAF8C0001ED9C3 = {
			isa = PBXGroup;
			children = (
				84208C462BDAB21300E63536 /* PrivacyInfo.xcprivacy */,
				84E55E772BD704AF00B6EDCD /* Config.xcconfig */,
				844753252BD5D0F00073D85A /* GoogleService-Info.plist */,
				846370F12BBAF8C0001ED9C3 /* MyXcodeShortcuts */,
				846371042BBAF8C3001ED9C3 /* MyXcodeShortcutsTests */,
				8463710E2BBAF8C3001ED9C3 /* MyXcodeShortcutsUITests */,
				846370F02BBAF8C0001ED9C3 /* Products */,
			);
			sourceTree = "<group>";
		};
		846370F02BBAF8C0001ED9C3 /* Products */ = {
			isa = PBXGroup;
			children = (
				846370EF2BBAF8C0001ED9C3 /* MyXcodeShortcuts.app */,
				846371012BBAF8C3001ED9C3 /* MyXcodeShortcutsTests.xctest */,
				8463710B2BBAF8C3001ED9C3 /* MyXcodeShortcutsUITests.xctest */,
			);
			name = Products;
			sourceTree = "<group>";
		};
		846370F12BBAF8C0001ED9C3 /* MyXcodeShortcuts */ = {
			isa = PBXGroup;
			children = (
				846030BF2BD9389000B5BC3D /* Info.plist */,
				846370F22BBAF8C0001ED9C3 /* MyXcodeShortcutsApp.swift */,
				8463713A2BBB38F3001ED9C3 /* AltAppStorage */,
				8463711E2BBB0281001ED9C3 /* Views */,
				8463711F2BBB028F001ED9C3 /* Models */,
				846371292BBB04CB001ED9C3 /* Styles */,
				846371202BBB0297001ED9C3 /* Helpers */,
				846370F82BBAF8C2001ED9C3 /* Assets.xcassets */,
				846370FA2BBAF8C2001ED9C3 /* Preview Content */,
			);
			path = MyXcodeShortcuts;
			sourceTree = "<group>";
		};
		846370FA2BBAF8C2001ED9C3 /* Preview Content */ = {
			isa = PBXGroup;
			children = (
				846370FB2BBAF8C2001ED9C3 /* Preview Assets.xcassets */,
			);
			path = "Preview Content";
			sourceTree = "<group>";
		};
		846371042BBAF8C3001ED9C3 /* MyXcodeShortcutsTests */ = {
			isa = PBXGroup;
			children = (
				846371052BBAF8C3001ED9C3 /* MyXcodeShortcutsTests.swift */,
				84FFAC052BC8903500CBC569 /* ShortcutViewTests.swift */,
				84765B102BC33DBD001C87E0 /* PDFGeneratorTests.swift */,
				840103ED2BD2B15000B467D1 /* ShortcutFilterTests.swift */,
				84F70D1C2BD2E8B0006617E7 /* KeyboardToolbarTests.swift */,
				8447531F2BD45B150073D85A /* MockUserDefaults.swift */,
				840526C92BE2C8320047222A /* StatusManagerTestsAI.swift */,
				84F4E5DB2BDAD64A0079C013 /* PDFGeneratorTestsAI.swift */,
				84F4E5DD2BDAD7DB0079C013 /* MockStatusManager.swift */,
				846DB1702BE18F1700229587 /* TDDShortcutSymbolConversionTests.swift */,
			);
			path = MyXcodeShortcutsTests;
			sourceTree = "<group>";
		};
		8463710E2BBAF8C3001ED9C3 /* MyXcodeShortcutsUITests */ = {
			isa = PBXGroup;
			children = (
				8463710F2BBAF8C3001ED9C3 /* MyXcodeShortcutsUITests.swift */,
				846371112BBAF8C3001ED9C3 /* MyXcodeShortcutsUITestsLaunchTests.swift */,
			);
			path = MyXcodeShortcutsUITests;
			sourceTree = "<group>";
		};
		8463711E2BBB0281001ED9C3 /* Views */ = {
			isa = PBXGroup;
			children = (
				846370F42BBAF8C0001ED9C3 /* ContentView.swift */,
				8463712C2BBB1AD3001ED9C3 /* CategoryView.swift */,
				8463713D2BBB4AD9001ED9C3 /* CategoryListView.swift */,
				840AF0612BC704F2006F5366 /* PDFPreviewView.swift */,
				8463713F2BBB56FD001ED9C3 /* EditShortcutView.swift */,
				84CA9AE32BCDBE010027A1FA /* CategorySelectionView.swift */,
				840103EB2BD1E7C500B467D1 /* CategoryRow.swift */,
				847E30F72BC0419200762FDF /* EditCategoryView.swift */,
				846371322BBB1BB1001ED9C3 /* ShortcutView.swift */,
				846371342BBB1BE7001ED9C3 /* Checkbox.swift */,
				846371382BBB3245001ED9C3 /* SettingsView.swift */,
				8447532E2BD5DDA30073D85A /* HelpView.swift */,
				846030BB2BD871D300B5BC3D /* SplashScreen.swift */,
			);
			path = Views;
			sourceTree = "<group>";
		};
		8463711F2BBB028F001ED9C3 /* Models */ = {
			isa = PBXGroup;
			children = (
				846371212BBB02FA001ED9C3 /* Category.swift */,
				846371232BBB0315001ED9C3 /* Shortcut.swift */,
				846371252BBB0355001ED9C3 /* Status.swift */,
				84A3D1E12BD344ED00FF60BF /* StatusManager.swift */,
				84D51D392BBDD0F600E6169B /* Categories.swift */,
				844753232BD5C5A60073D85A /* PDFViewModel.swift */,
			);
			path = Models;
			sourceTree = "<group>";
		};
		846371202BBB0297001ED9C3 /* Helpers */ = {
			isa = PBXGroup;
			children = (
				8463712A2BBB064E001ED9C3 /* PreviewHelper.swift */,
				846371302BBB1B7D001ED9C3 /* Constants.swift */,
				84B30A262BD01F3A0047AB24 /* KeyData.swift */,
				84F70D1A2BD2E05B006617E7 /* KeyboardSymbols.swift */,
				840AF05F2BC5D936006F5366 /* PDFGenerator.swift */,
				8463712E2BBB1B63001ED9C3 /* Extensions.swift */,
				84765B122BC34250001C87E0 /* Enum+StringRepresentable.swift */,
				84D51D3B2BBDF0DB00E6169B /* SeedData.swift */,
				84D51D372BBDCDB500E6169B /* SeedData.json */,
				84ED14E72BC9E7D900375EED /* SeedData_Release_1.json */,
				840103EF2BD2BB0100B467D1 /* SeedData_UnitTests.json */,
			);
			path = Helpers;
			sourceTree = "<group>";
		};
		846371292BBB04CB001ED9C3 /* Styles */ = {
			isa = PBXGroup;
			children = (
				846371272BBB04C6001ED9C3 /* RoundedRectButtonStyle.swift */,
			);
			path = Styles;
			sourceTree = "<group>";
		};
		8463713A2BBB38F3001ED9C3 /* AltAppStorage */ = {
			isa = PBXGroup;
			children = (
			);
			path = AltAppStorage;
			sourceTree = "<group>";
		};
/* End PBXGroup section */

/* Begin PBXNativeTarget section */
		846370EE2BBAF8C0001ED9C3 /* MyXcodeShortcuts */ = {
			isa = PBXNativeTarget;
			buildConfigurationList = 846371152BBAF8C3001ED9C3 /* Build configuration list for PBXNativeTarget "MyXcodeShortcuts" */;
			buildPhases = (
				84E55E762BD6FB9300B6EDCD /* ShellScript */,
				846370EB2BBAF8C0001ED9C3 /* Sources */,
				846370EC2BBAF8C0001ED9C3 /* Frameworks */,
				846370ED2BBAF8C0001ED9C3 /* Resources */,
			);
			buildRules = (
			);
			dependencies = (
			);
			name = MyXcodeShortcuts;
			packageProductDependencies = (
				844753282BD5D2500073D85A /* FirebaseAnalytics */,
				8447532A2BD5D2500073D85A /* FirebaseAnalyticsSwift */,
				8447532C2BD5D2500073D85A /* FirebaseCrashlytics */,
			);
			productName = MyXcodeShortcuts;
			productReference = 846370EF2BBAF8C0001ED9C3 /* MyXcodeShortcuts.app */;
			productType = "com.apple.product-type.application";
		};
		846371002BBAF8C3001ED9C3 /* MyXcodeShortcutsTests */ = {
			isa = PBXNativeTarget;
			buildConfigurationList = 846371182BBAF8C3001ED9C3 /* Build configuration list for PBXNativeTarget "MyXcodeShortcutsTests" */;
			buildPhases = (
				846370FD2BBAF8C3001ED9C3 /* Sources */,
				846370FE2BBAF8C3001ED9C3 /* Frameworks */,
				846370FF2BBAF8C3001ED9C3 /* Resources */,
			);
			buildRules = (
			);
			dependencies = (
				846371032BBAF8C3001ED9C3 /* PBXTargetDependency */,
			);
			name = MyXcodeShortcutsTests;
			productName = MyXcodeShortcutsTests;
			productReference = 846371012BBAF8C3001ED9C3 /* MyXcodeShortcutsTests.xctest */;
			productType = "com.apple.product-type.bundle.unit-test";
		};
		8463710A2BBAF8C3001ED9C3 /* MyXcodeShortcutsUITests */ = {
			isa = PBXNativeTarget;
			buildConfigurationList = 8463711B2BBAF8C3001ED9C3 /* Build configuration list for PBXNativeTarget "MyXcodeShortcutsUITests" */;
			buildPhases = (
				846371072BBAF8C3001ED9C3 /* Sources */,
				846371082BBAF8C3001ED9C3 /* Frameworks */,
				846371092BBAF8C3001ED9C3 /* Resources */,
			);
			buildRules = (
			);
			dependencies = (
				8463710D2BBAF8C3001ED9C3 /* PBXTargetDependency */,
			);
			name = MyXcodeShortcutsUITests;
			productName = MyXcodeShortcutsUITests;
			productReference = 8463710B2BBAF8C3001ED9C3 /* MyXcodeShortcutsUITests.xctest */;
			productType = "com.apple.product-type.bundle.ui-testing";
		};
/* End PBXNativeTarget section */

/* Begin PBXProject section */
		846370E72BBAF8C0001ED9C3 /* Project object */ = {
			isa = PBXProject;
			attributes = {
				BuildIndependentTargetsInParallel = 1;
				LastSwiftUpdateCheck = 1530;
				LastUpgradeCheck = 1530;
				TargetAttributes = {
					846370EE2BBAF8C0001ED9C3 = {
						CreatedOnToolsVersion = 15.3;
					};
					846371002BBAF8C3001ED9C3 = {
						CreatedOnToolsVersion = 15.3;
						TestTargetID = 846370EE2BBAF8C0001ED9C3;
					};
					8463710A2BBAF8C3001ED9C3 = {
						CreatedOnToolsVersion = 15.3;
						TestTargetID = 846370EE2BBAF8C0001ED9C3;
					};
				};
			};
			buildConfigurationList = 846370EA2BBAF8C0001ED9C3 /* Build configuration list for PBXProject "MyXcodeShortcuts" */;
			compatibilityVersion = "Xcode 14.0";
			developmentRegion = en;
			hasScannedForEncodings = 0;
			knownRegions = (
				en,
				Base,
			);
			mainGroup = 846370E62BBAF8C0001ED9C3;
			packageReferences = (
				844753272BD5D24F0073D85A /* XCRemoteSwiftPackageReference "firebase-ios-sdk" */,
			);
			productRefGroup = 846370F02BBAF8C0001ED9C3 /* Products */;
			projectDirPath = "";
			projectRoot = "";
			targets = (
				846370EE2BBAF8C0001ED9C3 /* MyXcodeShortcuts */,
				846371002BBAF8C3001ED9C3 /* MyXcodeShortcutsTests */,
				8463710A2BBAF8C3001ED9C3 /* MyXcodeShortcutsUITests */,
			);
		};
/* End PBXProject section */

/* Begin PBXResourcesBuildPhase section */
		846370ED2BBAF8C0001ED9C3 /* Resources */ = {
			isa = PBXResourcesBuildPhase;
			buildActionMask = 2147483647;
			files = (
				846370FC2BBAF8C2001ED9C3 /* Preview Assets.xcassets in Resources */,
				84208C472BDAB21300E63536 /* PrivacyInfo.xcprivacy in Resources */,
				846370F92BBAF8C2001ED9C3 /* Assets.xcassets in Resources */,
				840103F02BD2BB0200B467D1 /* SeedData_UnitTests.json in Resources */,
				84ED14E82BC9E7DA00375EED /* SeedData_Release_1.json in Resources */,
				84D51D382BBDCDB500E6169B /* SeedData.json in Resources */,
				844753262BD5D0F10073D85A /* GoogleService-Info.plist in Resources */,
			);
			runOnlyForDeploymentPostprocessing = 0;
		};
		846370FF2BBAF8C3001ED9C3 /* Resources */ = {
			isa = PBXResourcesBuildPhase;
			buildActionMask = 2147483647;
			files = (
			);
			runOnlyForDeploymentPostprocessing = 0;
		};
		846371092BBAF8C3001ED9C3 /* Resources */ = {
			isa = PBXResourcesBuildPhase;
			buildActionMask = 2147483647;
			files = (
			);
			runOnlyForDeploymentPostprocessing = 0;
		};
/* End PBXResourcesBuildPhase section */

/* Begin PBXShellScriptBuildPhase section */
		84E55E762BD6FB9300B6EDCD /* ShellScript */ = {
			isa = PBXShellScriptBuildPhase;
			alwaysOutOfDate = 1;
			buildActionMask = 2147483647;
			files = (
			);
			inputFileListPaths = (
			);
			inputPaths = (
			);
			outputFileListPaths = (
			);
			outputPaths = (
			);
			runOnlyForDeploymentPostprocessing = 0;
			shellPath = /bin/sh;
			shellScript = "cd \"$SRCROOT/$PRODUCT_NAME\"\n\n# Get the current date in the format \"YYYYMMDD\".\ncurrent_date=$(date \"+%Y%m%d\")\n\n# Parse the 'Config.xcconfig' file to retrieve the previous build number. \n# The 'awk' command is used to find the line containing \"BUILD_NUMBER\"\n# and the 'tr' command is used to remove any spaces.\nprevious_build_number=$(awk -F \"=\" '/BUILD_NUMBER/ {print $2}' Config.xcconfig | tr -d ' ')\n\n# Extract the date part and the counter part from the previous build number.\nprevious_date=\"${previous_build_number:0:8}\"\ncounter=\"${previous_build_number:8}\"\n\n# If the current date matches the date from the previous build number,\n# increment the counter. Otherwise, reset the counter to 1.\nnew_counter=$((current_date == previous_date ? counter + 1 : 1))\n\n\n# Combine the current date and the new counter to create the new build number.\nnew_build_number=\"${current_date}${new_counter}\"\n\n# Use 'sed' command to replace the previous build number with the new build \n# number in the 'Config.xcconfig' file.\nsed -i -e \"/BUILD_NUMBER =/ s/= .*/= $new_build_number/\" Config.xcconfig\n\n# Remove the backup file created by 'sed' command.\nrm -f Config.xcconfig-e\n";
		};
/* End PBXShellScriptBuildPhase section */

/* Begin PBXSourcesBuildPhase section */
		846370EB2BBAF8C0001ED9C3 /* Sources */ = {
			isa = PBXSourcesBuildPhase;
			buildActionMask = 2147483647;
			files = (
				846370F52BBAF8C0001ED9C3 /* ContentView.swift in Sources */,
				8463712F2BBB1B63001ED9C3 /* Extensions.swift in Sources */,
				846371282BBB04C7001ED9C3 /* RoundedRectButtonStyle.swift in Sources */,
				846371262BBB0355001ED9C3 /* Status.swift in Sources */,
				84D51D3A2BBDD0F600E6169B /* Categories.swift in Sources */,
				846370F32BBAF8C0001ED9C3 /* MyXcodeShortcutsApp.swift in Sources */,
				840AF0622BC704F2006F5366 /* PDFPreviewView.swift in Sources */,
				846371312BBB1B7D001ED9C3 /* Constants.swift in Sources */,
				84CA9AE42BCDBE010027A1FA /* CategorySelectionView.swift in Sources */,
				846030BC2BD871D300B5BC3D /* SplashScreen.swift in Sources */,
				846371222BBB02FA001ED9C3 /* Category.swift in Sources */,
				84D51D3C2BBDF0DB00E6169B /* SeedData.swift in Sources */,
				84B30A272BD01F3A0047AB24 /* KeyData.swift in Sources */,
				840103EC2BD1E7C500B467D1 /* CategoryRow.swift in Sources */,
				846371392BBB3246001ED9C3 /* SettingsView.swift in Sources */,
				846371242BBB0315001ED9C3 /* Shortcut.swift in Sources */,
				840AF0602BC5D937006F5366 /* PDFGenerator.swift in Sources */,
				847E30F82BC0419200762FDF /* EditCategoryView.swift in Sources */,
				8447532F2BD5DDA30073D85A /* HelpView.swift in Sources */,
				84A3D1E22BD344ED00FF60BF /* StatusManager.swift in Sources */,
				8463713E2BBB4AD9001ED9C3 /* CategoryListView.swift in Sources */,
				846371352BBB1BE7001ED9C3 /* Checkbox.swift in Sources */,
				844753242BD5C5A60073D85A /* PDFViewModel.swift in Sources */,
				8463712D2BBB1AD3001ED9C3 /* CategoryView.swift in Sources */,
				84765B132BC34250001C87E0 /* Enum+StringRepresentable.swift in Sources */,
				84F70D1B2BD2E05B006617E7 /* KeyboardSymbols.swift in Sources */,
				846371332BBB1BB1001ED9C3 /* ShortcutView.swift in Sources */,
				846371402BBB56FD001ED9C3 /* EditShortcutView.swift in Sources */,
				8463712B2BBB064E001ED9C3 /* PreviewHelper.swift in Sources */,
			);
			runOnlyForDeploymentPostprocessing = 0;
		};
		846370FD2BBAF8C3001ED9C3 /* Sources */ = {
			isa = PBXSourcesBuildPhase;
			buildActionMask = 2147483647;
			files = (
				84765B112BC33DBD001C87E0 /* PDFGeneratorTests.swift in Sources */,
				84F4E5DC2BDAD64A0079C013 /* PDFGeneratorTestsAI.swift in Sources */,
				84F70D1D2BD2E8B0006617E7 /* KeyboardToolbarTests.swift in Sources */,
				844753202BD45B150073D85A /* MockUserDefaults.swift in Sources */,
				846371062BBAF8C3001ED9C3 /* MyXcodeShortcutsTests.swift in Sources */,
				84F4E5DE2BDAD7DB0079C013 /* MockStatusManager.swift in Sources */,
				840526CA2BE2C8320047222A /* StatusManagerTestsAI.swift in Sources */,
				840103EE2BD2B15000B467D1 /* ShortcutFilterTests.swift in Sources */,
				846DB1712BE18F1700229587 /* TDDShortcutSymbolConversionTests.swift in Sources */,
				84FFAC062BC8903500CBC569 /* ShortcutViewTests.swift in Sources */,
			);
			runOnlyForDeploymentPostprocessing = 0;
		};
		846371072BBAF8C3001ED9C3 /* Sources */ = {
			isa = PBXSourcesBuildPhase;
			buildActionMask = 2147483647;
			files = (
				846371122BBAF8C3001ED9C3 /* MyXcodeShortcutsUITestsLaunchTests.swift in Sources */,
				846371102BBAF8C3001ED9C3 /* MyXcodeShortcutsUITests.swift in Sources */,
			);
			runOnlyForDeploymentPostprocessing = 0;
		};
/* End PBXSourcesBuildPhase section */

/* Begin PBXTargetDependency section */
		846371032BBAF8C3001ED9C3 /* PBXTargetDependency */ = {
			isa = PBXTargetDependency;
			target = 846370EE2BBAF8C0001ED9C3 /* MyXcodeShortcuts */;
			targetProxy = 846371022BBAF8C3001ED9C3 /* PBXContainerItemProxy */;
		};
		8463710D2BBAF8C3001ED9C3 /* PBXTargetDependency */ = {
			isa = PBXTargetDependency;
			target = 846370EE2BBAF8C0001ED9C3 /* MyXcodeShortcuts */;
			targetProxy = 8463710C2BBAF8C3001ED9C3 /* PBXContainerItemProxy */;
		};
/* End PBXTargetDependency section */

/* Begin XCBuildConfiguration section */
		846371132BBAF8C3001ED9C3 /* Debug */ = {
			isa = XCBuildConfiguration;
			buildSettings = {
				ALWAYS_SEARCH_USER_PATHS = NO;
				ASSETCATALOG_COMPILER_GENERATE_SWIFT_ASSET_SYMBOL_EXTENSIONS = YES;
				CLANG_ANALYZER_NONNULL = YES;
				CLANG_ANALYZER_NUMBER_OBJECT_CONVERSION = YES_AGGRESSIVE;
				CLANG_CXX_LANGUAGE_STANDARD = "gnu++20";
				CLANG_ENABLE_MODULES = YES;
				CLANG_ENABLE_OBJC_ARC = YES;
				CLANG_ENABLE_OBJC_WEAK = YES;
				CLANG_WARN_BLOCK_CAPTURE_AUTORELEASING = YES;
				CLANG_WARN_BOOL_CONVERSION = YES;
				CLANG_WARN_COMMA = YES;
				CLANG_WARN_CONSTANT_CONVERSION = YES;
				CLANG_WARN_DEPRECATED_OBJC_IMPLEMENTATIONS = YES;
				CLANG_WARN_DIRECT_OBJC_ISA_USAGE = YES_ERROR;
				CLANG_WARN_DOCUMENTATION_COMMENTS = YES;
				CLANG_WARN_EMPTY_BODY = YES;
				CLANG_WARN_ENUM_CONVERSION = YES;
				CLANG_WARN_INFINITE_RECURSION = YES;
				CLANG_WARN_INT_CONVERSION = YES;
				CLANG_WARN_NON_LITERAL_NULL_CONVERSION = YES;
				CLANG_WARN_OBJC_IMPLICIT_RETAIN_SELF = YES;
				CLANG_WARN_OBJC_LITERAL_CONVERSION = YES;
				CLANG_WARN_OBJC_ROOT_CLASS = YES_ERROR;
				CLANG_WARN_QUOTED_INCLUDE_IN_FRAMEWORK_HEADER = YES;
				CLANG_WARN_RANGE_LOOP_ANALYSIS = YES;
				CLANG_WARN_STRICT_PROTOTYPES = YES;
				CLANG_WARN_SUSPICIOUS_MOVE = YES;
				CLANG_WARN_UNGUARDED_AVAILABILITY = YES_AGGRESSIVE;
				CLANG_WARN_UNREACHABLE_CODE = YES;
				CLANG_WARN__DUPLICATE_METHOD_MATCH = YES;
				COPY_PHASE_STRIP = NO;
				DEBUG_INFORMATION_FORMAT = dwarf;
				ENABLE_STRICT_OBJC_MSGSEND = YES;
				ENABLE_TESTABILITY = YES;
				ENABLE_USER_SCRIPT_SANDBOXING = YES;
				GCC_C_LANGUAGE_STANDARD = gnu17;
				GCC_DYNAMIC_NO_PIC = NO;
				GCC_NO_COMMON_BLOCKS = YES;
				GCC_OPTIMIZATION_LEVEL = 0;
				GCC_PREPROCESSOR_DEFINITIONS = (
					"DEBUG=1",
					"$(inherited)",
				);
				GCC_WARN_64_TO_32_BIT_CONVERSION = YES;
				GCC_WARN_ABOUT_RETURN_TYPE = YES_ERROR;
				GCC_WARN_UNDECLARED_SELECTOR = YES;
				GCC_WARN_UNINITIALIZED_AUTOS = YES_AGGRESSIVE;
				GCC_WARN_UNUSED_FUNCTION = YES;
				GCC_WARN_UNUSED_VARIABLE = YES;
				IPHONEOS_DEPLOYMENT_TARGET = 17.0;
				LOCALIZATION_PREFERS_STRING_CATALOGS = YES;
				MTL_ENABLE_DEBUG_INFO = INCLUDE_SOURCE;
				MTL_FAST_MATH = YES;
				ONLY_ACTIVE_ARCH = YES;
				SDKROOT = iphoneos;
				SWIFT_ACTIVE_COMPILATION_CONDITIONS = "DEBUG $(inherited)";
				SWIFT_OPTIMIZATION_LEVEL = "-Onone";
			};
			name = Debug;
		};
		846371142BBAF8C3001ED9C3 /* Release */ = {
			isa = XCBuildConfiguration;
			buildSettings = {
				ALWAYS_SEARCH_USER_PATHS = NO;
				ASSETCATALOG_COMPILER_GENERATE_SWIFT_ASSET_SYMBOL_EXTENSIONS = YES;
				CLANG_ANALYZER_NONNULL = YES;
				CLANG_ANALYZER_NUMBER_OBJECT_CONVERSION = YES_AGGRESSIVE;
				CLANG_CXX_LANGUAGE_STANDARD = "gnu++20";
				CLANG_ENABLE_MODULES = YES;
				CLANG_ENABLE_OBJC_ARC = YES;
				CLANG_ENABLE_OBJC_WEAK = YES;
				CLANG_WARN_BLOCK_CAPTURE_AUTORELEASING = YES;
				CLANG_WARN_BOOL_CONVERSION = YES;
				CLANG_WARN_COMMA = YES;
				CLANG_WARN_CONSTANT_CONVERSION = YES;
				CLANG_WARN_DEPRECATED_OBJC_IMPLEMENTATIONS = YES;
				CLANG_WARN_DIRECT_OBJC_ISA_USAGE = YES_ERROR;
				CLANG_WARN_DOCUMENTATION_COMMENTS = YES;
				CLANG_WARN_EMPTY_BODY = YES;
				CLANG_WARN_ENUM_CONVERSION = YES;
				CLANG_WARN_INFINITE_RECURSION = YES;
				CLANG_WARN_INT_CONVERSION = YES;
				CLANG_WARN_NON_LITERAL_NULL_CONVERSION = YES;
				CLANG_WARN_OBJC_IMPLICIT_RETAIN_SELF = YES;
				CLANG_WARN_OBJC_LITERAL_CONVERSION = YES;
				CLANG_WARN_OBJC_ROOT_CLASS = YES_ERROR;
				CLANG_WARN_QUOTED_INCLUDE_IN_FRAMEWORK_HEADER = YES;
				CLANG_WARN_RANGE_LOOP_ANALYSIS = YES;
				CLANG_WARN_STRICT_PROTOTYPES = YES;
				CLANG_WARN_SUSPICIOUS_MOVE = YES;
				CLANG_WARN_UNGUARDED_AVAILABILITY = YES_AGGRESSIVE;
				CLANG_WARN_UNREACHABLE_CODE = YES;
				CLANG_WARN__DUPLICATE_METHOD_MATCH = YES;
				COPY_PHASE_STRIP = NO;
				DEBUG_INFORMATION_FORMAT = "dwarf-with-dsym";
				ENABLE_NS_ASSERTIONS = NO;
				ENABLE_STRICT_OBJC_MSGSEND = YES;
				ENABLE_USER_SCRIPT_SANDBOXING = YES;
				GCC_C_LANGUAGE_STANDARD = gnu17;
				GCC_NO_COMMON_BLOCKS = YES;
				GCC_WARN_64_TO_32_BIT_CONVERSION = YES;
				GCC_WARN_ABOUT_RETURN_TYPE = YES_ERROR;
				GCC_WARN_UNDECLARED_SELECTOR = YES;
				GCC_WARN_UNINITIALIZED_AUTOS = YES_AGGRESSIVE;
				GCC_WARN_UNUSED_FUNCTION = YES;
				GCC_WARN_UNUSED_VARIABLE = YES;
				IPHONEOS_DEPLOYMENT_TARGET = 17.0;
				LOCALIZATION_PREFERS_STRING_CATALOGS = YES;
				MTL_ENABLE_DEBUG_INFO = NO;
				MTL_FAST_MATH = YES;
				SDKROOT = iphoneos;
				SWIFT_COMPILATION_MODE = wholemodule;
				VALIDATE_PRODUCT = YES;
			};
			name = Release;
		};
		846371162BBAF8C3001ED9C3 /* Debug */ = {
			isa = XCBuildConfiguration;
			baseConfigurationReference = 84E55E772BD704AF00B6EDCD /* Config.xcconfig */;
			buildSettings = {
				ASSETCATALOG_COMPILER_APPICON_NAME = AppIcon;
				ASSETCATALOG_COMPILER_GLOBAL_ACCENT_COLOR_NAME = AccentColor;
				CODE_SIGN_IDENTITY = "Apple Development";
				CODE_SIGN_STYLE = Automatic;
				CURRENT_PROJECT_VERSION = "$(BUILD_NUMBER)";
				DEVELOPMENT_ASSET_PATHS = "\"MyXcodeShortcuts/Preview Content\"";
				DEVELOPMENT_TEAM = 833AT2F722;
				ENABLE_PREVIEWS = YES;
				ENABLE_USER_SCRIPT_SANDBOXING = NO;
				GENERATE_INFOPLIST_FILE = YES;
				INFOPLIST_FILE = MyXcodeShortcuts/Info.plist;
				INFOPLIST_KEY_CFBundleDisplayName = "My Shortcuts for Xcode";
				INFOPLIST_KEY_LSApplicationCategoryType = "public.app-category.developer-tools";
				INFOPLIST_KEY_UIApplicationSceneManifest_Generation = YES;
				INFOPLIST_KEY_UIApplicationSupportsIndirectInputEvents = YES;
				INFOPLIST_KEY_UILaunchScreen_Generation = YES;
				INFOPLIST_KEY_UIRequiresFullScreen = YES;
				INFOPLIST_KEY_UISupportedInterfaceOrientations = UIInterfaceOrientationPortrait;
				IPHONEOS_DEPLOYMENT_TARGET = 17.0;
				LD_RUNPATH_SEARCH_PATHS = (
					"$(inherited)",
					"@executable_path/Frameworks",
				);
				MARKETING_VERSION = 1.0.5;
				PRODUCT_BUNDLE_IDENTIFIER = net.perlguy.MyXcodeShortcuts;
				PRODUCT_NAME = "$(TARGET_NAME)";
				PROVISIONING_PROFILE_SPECIFIER = "";
				SWIFT_EMIT_LOC_STRINGS = YES;
				SWIFT_VERSION = 5.0;
				TARGETED_DEVICE_FAMILY = "1,2";
			};
			name = Debug;
		};
		846371172BBAF8C3001ED9C3 /* Release */ = {
			isa = XCBuildConfiguration;
			baseConfigurationReference = 84E55E772BD704AF00B6EDCD /* Config.xcconfig */;
			buildSettings = {
				ASSETCATALOG_COMPILER_APPICON_NAME = AppIcon;
				ASSETCATALOG_COMPILER_GLOBAL_ACCENT_COLOR_NAME = AccentColor;
				CODE_SIGN_IDENTITY = "Apple Development";
				CODE_SIGN_STYLE = Automatic;
				CURRENT_PROJECT_VERSION = "$(BUILD_NUMBER)";
				DEVELOPMENT_ASSET_PATHS = "\"MyXcodeShortcuts/Preview Content\"";
				DEVELOPMENT_TEAM = 833AT2F722;
				ENABLE_PREVIEWS = YES;
				ENABLE_USER_SCRIPT_SANDBOXING = NO;
				GENERATE_INFOPLIST_FILE = YES;
				INFOPLIST_FILE = MyXcodeShortcuts/Info.plist;
				INFOPLIST_KEY_CFBundleDisplayName = "My Shortcuts for Xcode";
				INFOPLIST_KEY_LSApplicationCategoryType = "public.app-category.developer-tools";
				INFOPLIST_KEY_UIApplicationSceneManifest_Generation = YES;
				INFOPLIST_KEY_UIApplicationSupportsIndirectInputEvents = YES;
				INFOPLIST_KEY_UILaunchScreen_Generation = YES;
				INFOPLIST_KEY_UIRequiresFullScreen = YES;
				INFOPLIST_KEY_UISupportedInterfaceOrientations = UIInterfaceOrientationPortrait;
				IPHONEOS_DEPLOYMENT_TARGET = 17.0;
				LD_RUNPATH_SEARCH_PATHS = (
					"$(inherited)",
					"@executable_path/Frameworks",
				);
				MARKETING_VERSION = 1.0.5;
				PRODUCT_BUNDLE_IDENTIFIER = net.perlguy.MyXcodeShortcuts;
				PRODUCT_NAME = "$(TARGET_NAME)";
				PROVISIONING_PROFILE_SPECIFIER = "";
				SWIFT_EMIT_LOC_STRINGS = YES;
				SWIFT_VERSION = 5.0;
				TARGETED_DEVICE_FAMILY = "1,2";
			};
			name = Release;
		};
		846371192BBAF8C3001ED9C3 /* Debug */ = {
			isa = XCBuildConfiguration;
			buildSettings = {
				ALWAYS_EMBED_SWIFT_STANDARD_LIBRARIES = YES;
				BUNDLE_LOADER = "$(TEST_HOST)";
				CODE_SIGN_STYLE = Automatic;
				CURRENT_PROJECT_VERSION = 1;
				DEVELOPMENT_TEAM = 833AT2F722;
				GENERATE_INFOPLIST_FILE = YES;
				IPHONEOS_DEPLOYMENT_TARGET = 17.4;
				MARKETING_VERSION = 1.0;
				PRODUCT_BUNDLE_IDENTIFIER = net.perlguy.MyXcodeShortcutsTests;
				PRODUCT_NAME = "$(TARGET_NAME)";
				SWIFT_EMIT_LOC_STRINGS = NO;
				SWIFT_VERSION = 5.0;
				TARGETED_DEVICE_FAMILY = "1,2";
				TEST_HOST = "$(BUILT_PRODUCTS_DIR)/MyXcodeShortcuts.app/$(BUNDLE_EXECUTABLE_FOLDER_PATH)/MyXcodeShortcuts";
			};
			name = Debug;
		};
		8463711A2BBAF8C3001ED9C3 /* Release */ = {
			isa = XCBuildConfiguration;
			buildSettings = {
				ALWAYS_EMBED_SWIFT_STANDARD_LIBRARIES = YES;
				BUNDLE_LOADER = "$(TEST_HOST)";
				CODE_SIGN_STYLE = Automatic;
				CURRENT_PROJECT_VERSION = 1;
				DEVELOPMENT_TEAM = 833AT2F722;
				GENERATE_INFOPLIST_FILE = YES;
				IPHONEOS_DEPLOYMENT_TARGET = 17.4;
				MARKETING_VERSION = 1.0;
				PRODUCT_BUNDLE_IDENTIFIER = net.perlguy.MyXcodeShortcutsTests;
				PRODUCT_NAME = "$(TARGET_NAME)";
				SWIFT_EMIT_LOC_STRINGS = NO;
				SWIFT_VERSION = 5.0;
				TARGETED_DEVICE_FAMILY = "1,2";
				TEST_HOST = "$(BUILT_PRODUCTS_DIR)/MyXcodeShortcuts.app/$(BUNDLE_EXECUTABLE_FOLDER_PATH)/MyXcodeShortcuts";
			};
			name = Release;
		};
		8463711C2BBAF8C3001ED9C3 /* Debug */ = {
			isa = XCBuildConfiguration;
			buildSettings = {
				ALWAYS_EMBED_SWIFT_STANDARD_LIBRARIES = YES;
				CODE_SIGN_STYLE = Automatic;
				CURRENT_PROJECT_VERSION = 1;
				DEVELOPMENT_TEAM = 833AT2F722;
				GENERATE_INFOPLIST_FILE = YES;
				MARKETING_VERSION = 1.0;
				PRODUCT_BUNDLE_IDENTIFIER = net.perlguy.MyXcodeShortcutsUITests;
				PRODUCT_NAME = "$(TARGET_NAME)";
				SWIFT_EMIT_LOC_STRINGS = NO;
				SWIFT_VERSION = 5.0;
				TARGETED_DEVICE_FAMILY = "1,2";
				TEST_TARGET_NAME = MyXcodeShortcuts;
			};
			name = Debug;
		};
		8463711D2BBAF8C3001ED9C3 /* Release */ = {
			isa = XCBuildConfiguration;
			buildSettings = {
				ALWAYS_EMBED_SWIFT_STANDARD_LIBRARIES = YES;
				CODE_SIGN_STYLE = Automatic;
				CURRENT_PROJECT_VERSION = 1;
				DEVELOPMENT_TEAM = 833AT2F722;
				GENERATE_INFOPLIST_FILE = YES;
				MARKETING_VERSION = 1.0;
				PRODUCT_BUNDLE_IDENTIFIER = net.perlguy.MyXcodeShortcutsUITests;
				PRODUCT_NAME = "$(TARGET_NAME)";
				SWIFT_EMIT_LOC_STRINGS = NO;
				SWIFT_VERSION = 5.0;
				TARGETED_DEVICE_FAMILY = "1,2";
				TEST_TARGET_NAME = MyXcodeShortcuts;
			};
			name = Release;
		};
/* End XCBuildConfiguration section */

/* Begin XCConfigurationList section */
		846370EA2BBAF8C0001ED9C3 /* Build configuration list for PBXProject "MyXcodeShortcuts" */ = {
			isa = XCConfigurationList;
			buildConfigurations = (
				846371132BBAF8C3001ED9C3 /* Debug */,
				846371142BBAF8C3001ED9C3 /* Release */,
			);
			defaultConfigurationIsVisible = 0;
			defaultConfigurationName = Release;
		};
		846371152BBAF8C3001ED9C3 /* Build configuration list for PBXNativeTarget "MyXcodeShortcuts" */ = {
			isa = XCConfigurationList;
			buildConfigurations = (
				846371162BBAF8C3001ED9C3 /* Debug */,
				846371172BBAF8C3001ED9C3 /* Release */,
			);
			defaultConfigurationIsVisible = 0;
			defaultConfigurationName = Release;
		};
		846371182BBAF8C3001ED9C3 /* Build configuration list for PBXNativeTarget "MyXcodeShortcutsTests" */ = {
			isa = XCConfigurationList;
			buildConfigurations = (
				846371192BBAF8C3001ED9C3 /* Debug */,
				8463711A2BBAF8C3001ED9C3 /* Release */,
			);
			defaultConfigurationIsVisible = 0;
			defaultConfigurationName = Release;
		};
		8463711B2BBAF8C3001ED9C3 /* Build configuration list for PBXNativeTarget "MyXcodeShortcutsUITests" */ = {
			isa = XCConfigurationList;
			buildConfigurations = (
				8463711C2BBAF8C3001ED9C3 /* Debug */,
				8463711D2BBAF8C3001ED9C3 /* Release */,
			);
			defaultConfigurationIsVisible = 0;
			defaultConfigurationName = Release;
		};
/* End XCConfigurationList section */

/* Begin XCRemoteSwiftPackageReference section */
		844753272BD5D24F0073D85A /* XCRemoteSwiftPackageReference "firebase-ios-sdk" */ = {
			isa = XCRemoteSwiftPackageReference;
			repositoryURL = "https://github.com/firebase/firebase-ios-sdk";
			requirement = {
				kind = upToNextMajorVersion;
				minimumVersion = 10.24.0;
			};
		};
/* End XCRemoteSwiftPackageReference section */

/* Begin XCSwiftPackageProductDependency section */
		844753282BD5D2500073D85A /* FirebaseAnalytics */ = {
			isa = XCSwiftPackageProductDependency;
			package = 844753272BD5D24F0073D85A /* XCRemoteSwiftPackageReference "firebase-ios-sdk" */;
			productName = FirebaseAnalytics;
		};
		8447532A2BD5D2500073D85A /* FirebaseAnalyticsSwift */ = {
			isa = XCSwiftPackageProductDependency;
			package = 844753272BD5D24F0073D85A /* XCRemoteSwiftPackageReference "firebase-ios-sdk" */;
			productName = FirebaseAnalyticsSwift;
		};
		8447532C2BD5D2500073D85A /* FirebaseCrashlytics */ = {
			isa = XCSwiftPackageProductDependency;
			package = 844753272BD5D24F0073D85A /* XCRemoteSwiftPackageReference "firebase-ios-sdk" */;
			productName = FirebaseCrashlytics;
		};
/* End XCSwiftPackageProductDependency section */
	};
	rootObject = 846370E72BBAF8C0001ED9C3 /* Project object */;
}
